
Microsoft Visual Studio Solution File, Format Version 12.00
# Visual Studio Version 16
VisualStudioVersion = 16.0.31005.135
MinimumVisualStudioVersion = 15.0.26124.0
Project("{9A19103F-16F7-4668-BE54-9A1E7A4F7556}") = "passholder", "passholder.csproj", "{A2035008-0EDE-40A5-8CFC-A6D309D11BE9}"
EndProject
Global
	GlobalSection(SolutionConfigurationPlatforms) = preSolution
		Debug|Any CPU = Debug|Any CPU
		Debug|x64 = Debug|x64
		Debug|x86 = Debug|x86
		Release|Any CPU = Release|Any CPU
		Release|x64 = Release|x64
		Release|x86 = Release|x86
	EndGlobalSection
	GlobalSection(ProjectConfigurationPlatforms) = postSolution
		{A2035008-0EDE-40A5-8CFC-A6D309D11BE9}.Debug|Any CPU.ActiveCfg = Debug|Any CPU
		{A2035008-0EDE-40A5-8CFC-A6D309D11BE9}.Debug|Any CPU.Build.0 = Debug|Any CPU
		{A2035008-0EDE-40A5-8CFC-A6D309D11BE9}.Debug|x64.ActiveCfg = Debug|Any CPU
		{A2035008-0EDE-40A5-8CFC-A6D309D11BE9}.Debug|x64.Build.0 = Debug|Any CPU
		{A2035008-0EDE-40A5-8CFC-A6D309D11BE9}.Debug|x86.ActiveCfg = Debug|Any CPU
		{A2035008-0EDE-40A5-8CFC-A6D309D11BE9}.Debug|x86.Build.0 = Debug|Any CPU
		{A2035008-0EDE-40A5-8CFC-A6D309D11BE9}.Release|Any CPU.ActiveCfg = Release|Any CPU
		{A2035008-0EDE-40A5-8CFC-A6D309D11BE9}.Release|Any CPU.Build.0 = Release|Any CPU
		{A2035008-0EDE-40A5-8CFC-A6D309D11BE9}.Release|x64.ActiveCfg = Release|Any CPU
		{A2035008-0EDE-40A5-8CFC-A6D309D11BE9}.Release|x64.Build.0 = Release|Any CPU
		{A2035008-0EDE-40A5-8CFC-A6D309D11BE9}.Release|x86.ActiveCfg = Release|Any CPU
		{A2035008-0EDE-40A5-8CFC-A6D309D11BE9}.Release|x86.Build.0 = Release|Any CPU
	EndGlobalSection
	GlobalSection(SolutionProperties) = preSolution
		HideSolutionNode = FALSE
	EndGlobalSection
	GlobalSection(ExtensibilityGlobals) = postSolution
		SolutionGuid = {E39CD6F0-E283-4BB7-8538-A598CF4D1484}
	EndGlobalSection
EndGlobal
